
Microsoft Visual Studio Solution File, Format Version 12.00
# Visual Studio Version 18
VisualStudioVersion = 18.8.11904.113 insiders
MinimumVisualStudioVersion = 10.0.40219.1
Project("{2150E333-8FDC-42A3-9474-1A3956D46DE8}") = "src", "src", "{827E0CD3-B72D-47B6-A68D-7590B98EB39B}"
EndProject
Project("{FAE04EC0-301F-11D3-BF4B-00C04F79EFBC}") = "SnapStudio.Core", "src\SnapStudio.Core\SnapStudio.Core.csproj", "{3AFB0178-C11F-47CF-A86E-C34979475ED3}"
EndProject
Project("{FAE04EC0-301F-11D3-BF4B-00C04F79EFBC}") = "SnapStudio.Storage", "src\SnapStudio.Storage\SnapStudio.Storage.csproj", "{0A74E378-7EF9-45F3-BBE1-098603BA9E71}"
EndProject
Project("{FAE04EC0-301F-11D3-BF4B-00C04F79EFBC}") = "SnapStudio.Rendering", "src\SnapStudio.Rendering\SnapStudio.Rendering.csproj", "{87BF23BE-52FF-41C6-9EC3-CF7F3AA163AC}"
EndProject
Project("{FAE04EC0-301F-11D3-BF4B-00C04F79EFBC}") = "SnapStudio.Platform.Windows", "src\SnapStudio.Platform.Windows\SnapStudio.Platform.Windows.csproj", "{1DFA9030-884B-4A11-B3B0-CF412FC9782A}"
EndProject
Project("{FAE04EC0-301F-11D3-BF4B-00C04F79EFBC}") = "SnapStudio.App", "src\SnapStudio.App\SnapStudio.App.csproj", "{744206FB-7BA4-48AB-BBC8-F738E1AF01A4}"
EndProject
Project("{FAE04EC0-301F-11D3-BF4B-00C04F79EFBC}") = "SnapStudio.CaptureHost", "src\SnapStudio.CaptureHost\SnapStudio.CaptureHost.csproj", "{ADC27585-2C1B-424C-B4BA-10D2F151EC48}"
EndProject
Project("{2150E333-8FDC-42A3-9474-1A3956D46DE8}") = "tests", "tests", "{0AB3BF05-4346-4AA6-1389-037BE0695223}"
EndProject
Project("{FAE04EC0-301F-11D3-BF4B-00C04F79EFBC}") = "SnapStudio.Core.Tests", "tests\SnapStudio.Core.Tests\SnapStudio.Core.Tests.csproj", "{134F6679-FE86-4FFC-8578-290A88078ED3}"
EndProject
Project("{FAE04EC0-301F-11D3-BF4B-00C04F79EFBC}") = "SnapStudio.Ipc", "src\SnapStudio.Ipc\SnapStudio.Ipc.csproj", "{3CD43A75-802D-446C-88A6-3AEC8930645A}"
EndProject
Global
	GlobalSection(SolutionConfigurationPlatforms) = preSolution
		Debug|Any CPU = Debug|Any CPU
		Debug|x64 = Debug|x64
		Debug|x86 = Debug|x86
		Release|Any CPU = Release|Any CPU
		Release|x64 = Release|x64
		Release|x86 = Release|x86
	EndGlobalSection
	GlobalSection(ProjectConfigurationPlatforms) = postSolution
		{3AFB0178-C11F-47CF-A86E-C34979475ED3}.Debug|Any CPU.ActiveCfg = Debug|Any CPU
		{3AFB0178-C11F-47CF-A86E-C34979475ED3}.Debug|Any CPU.Build.0 = Debug|Any CPU
		{3AFB0178-C11F-47CF-A86E-C34979475ED3}.Debug|x64.ActiveCfg = Debug|Any CPU
		{3AFB0178-C11F-47CF-A86E-C34979475ED3}.Debug|x64.Build.0 = Debug|Any CPU
		{3AFB0178-C11F-47CF-A86E-C34979475ED3}.Debug|x86.ActiveCfg = Debug|Any CPU
		{3AFB0178-C11F-47CF-A86E-C34979475ED3}.Debug|x86.Build.0 = Debug|Any CPU
		{3AFB0178-C11F-47CF-A86E-C34979475ED3}.Release|Any CPU.ActiveCfg = Release|Any CPU
		{3AFB0178-C11F-47CF-A86E-C34979475ED3}.Release|Any CPU.Build.0 = Release|Any CPU
		{3AFB0178-C11F-47CF-A86E-C34979475ED3}.Release|x64.ActiveCfg = Release|Any CPU
		{3AFB0178-C11F-47CF-A86E-C34979475ED3}.Release|x64.Build.0 = Release|Any CPU
		{3AFB0178-C11F-47CF-A86E-C34979475ED3}.Release|x86.ActiveCfg = Release|Any CPU
		{3AFB0178-C11F-47CF-A86E-C34979475ED3}.Release|x86.Build.0 = Release|Any CPU
		{0A74E378-7EF9-45F3-BBE1-098603BA9E71}.Debug|Any CPU.ActiveCfg = Debug|Any CPU
		{0A74E378-7EF9-45F3-BBE1-098603BA9E71}.Debug|Any CPU.Build.0 = Debug|Any CPU
		{0A74E378-7EF9-45F3-BBE1-098603BA9E71}.Debug|x64.ActiveCfg = Debug|Any CPU
		{0A74E378-7EF9-45F3-BBE1-098603BA9E71}.Debug|x64.Build.0 = Debug|Any CPU
		{0A74E378-7EF9-45F3-BBE1-098603BA9E71}.Debug|x86.ActiveCfg = Debug|Any CPU
		{0A74E378-7EF9-45F3-BBE1-098603BA9E71}.Debug|x86.Build.0 = Debug|Any CPU
		{0A74E378-7EF9-45F3-BBE1-098603BA9E71}.Release|Any CPU.ActiveCfg = Release|Any CPU
		{0A74E378-7EF9-45F3-BBE1-098603BA9E71}.Release|Any CPU.Build.0 = Release|Any CPU
		{0A74E378-7EF9-45F3-BBE1-098603BA9E71}.Release|x64.ActiveCfg = Release|Any CPU
		{0A74E378-7EF9-45F3-BBE1-098603BA9E71}.Release|x64.Build.0 = Release|Any CPU
		{0A74E378-7EF9-45F3-BBE1-098603BA9E71}.Release|x86.ActiveCfg = Release|Any CPU
		{0A74E378-7EF9-45F3-BBE1-098603BA9E71}.Release|x86.Build.0 = Release|Any CPU
		{87BF23BE-52FF-41C6-9EC3-CF7F3AA163AC}.Debug|Any CPU.ActiveCfg = Debug|x64
		{87BF23BE-52FF-41C6-9EC3-CF7F3AA163AC}.Debug|Any CPU.Build.0 = Debug|x64
		{87BF23BE-52FF-41C6-9EC3-CF7F3AA163AC}.Debug|x64.ActiveCfg = Debug|x64
		{87BF23BE-52FF-41C6-9EC3-CF7F3AA163AC}.Debug|x64.Build.0 = Debug|x64
		{87BF23BE-52FF-41C6-9EC3-CF7F3AA163AC}.Debug|x86.ActiveCfg = Debug|x64
		{87BF23BE-52FF-41C6-9EC3-CF7F3AA163AC}.Debug|x86.Build.0 = Debug|x64
		{87BF23BE-52FF-41C6-9EC3-CF7F3AA163AC}.Release|Any CPU.ActiveCfg = Release|x64
		{87BF23BE-52FF-41C6-9EC3-CF7F3AA163AC}.Release|Any CPU.Build.0 = Release|x64
		{87BF23BE-52FF-41C6-9EC3-CF7F3AA163AC}.Release|x64.ActiveCfg = Release|x64
		{87BF23BE-52FF-41C6-9EC3-CF7F3AA163AC}.Release|x64.Build.0 = Release|x64
		{87BF23BE-52FF-41C6-9EC3-CF7F3AA163AC}.Release|x86.ActiveCfg = Release|x64
		{87BF23BE-52FF-41C6-9EC3-CF7F3AA163AC}.Release|x86.Build.0 = Release|x64
		{1DFA9030-884B-4A11-B3B0-CF412FC9782A}.Debug|Any CPU.ActiveCfg = Debug|x64
		{1DFA9030-884B-4A11-B3B0-CF412FC9782A}.Debug|Any CPU.Build.0 = Debug|x64
		{1DFA9030-884B-4A11-B3B0-CF412FC9782A}.Debug|x64.ActiveCfg = Debug|x64
		{1DFA9030-884B-4A11-B3B0-CF412FC9782A}.Debug|x64.Build.0 = Debug|x64
		{1DFA9030-884B-4A11-B3B0-CF412FC9782A}.Debug|x86.ActiveCfg = Debug|x64
		{1DFA9030-884B-4A11-B3B0-CF412FC9782A}.Debug|x86.Build.0 = Debug|x64
		{1DFA9030-884B-4A11-B3B0-CF412FC9782A}.Release|Any CPU.ActiveCfg = Release|x64
		{1DFA9030-884B-4A11-B3B0-CF412FC9782A}.Release|Any CPU.Build.0 = Release|x64
		{1DFA9030-884B-4A11-B3B0-CF412FC9782A}.Release|x64.ActiveCfg = Release|x64
		{1DFA9030-884B-4A11-B3B0-CF412FC9782A}.Release|x64.Build.0 = Release|x64
		{1DFA9030-884B-4A11-B3B0-CF412FC9782A}.Release|x86.ActiveCfg = Release|x64
		{1DFA9030-884B-4A11-B3B0-CF412FC9782A}.Release|x86.Build.0 = Release|x64
		{744206FB-7BA4-48AB-BBC8-F738E1AF01A4}.Debug|Any CPU.ActiveCfg = Debug|x64
		{744206FB-7BA4-48AB-BBC8-F738E1AF01A4}.Debug|Any CPU.Build.0 = Debug|x64
		{744206FB-7BA4-48AB-BBC8-F738E1AF01A4}.Debug|x64.ActiveCfg = Debug|x64
		{744206FB-7BA4-48AB-BBC8-F738E1AF01A4}.Debug|x64.Build.0 = Debug|x64
		{744206FB-7BA4-48AB-BBC8-F738E1AF01A4}.Debug|x86.ActiveCfg = Debug|x86
		{744206FB-7BA4-48AB-BBC8-F738E1AF01A4}.Debug|x86.Build.0 = Debug|x86
		{744206FB-7BA4-48AB-BBC8-F738E1AF01A4}.Release|Any CPU.ActiveCfg = Release|x86
		{744206FB-7BA4-48AB-BBC8-F738E1AF01A4}.Release|Any CPU.Build.0 = Release|x86
		{744206FB-7BA4-48AB-BBC8-F738E1AF01A4}.Release|x64.ActiveCfg = Release|x64
		{744206FB-7BA4-48AB-BBC8-F738E1AF01A4}.Release|x64.Build.0 = Release|x64
		{744206FB-7BA4-48AB-BBC8-F738E1AF01A4}.Release|x86.ActiveCfg = Release|x86
		{744206FB-7BA4-48AB-BBC8-F738E1AF01A4}.Release|x86.Build.0 = Release|x86
		{ADC27585-2C1B-424C-B4BA-10D2F151EC48}.Debug|Any CPU.ActiveCfg = Debug|x64
		{ADC27585-2C1B-424C-B4BA-10D2F151EC48}.Debug|Any CPU.Build.0 = Debug|x64
		{ADC27585-2C1B-424C-B4BA-10D2F151EC48}.Debug|x64.ActiveCfg = Debug|x64
		{ADC27585-2C1B-424C-B4BA-10D2F151EC48}.Debug|x64.Build.0 = Debug|x64
		{ADC27585-2C1B-424C-B4BA-10D2F151EC48}.Debug|x86.ActiveCfg = Debug|x64
		{ADC27585-2C1B-424C-B4BA-10D2F151EC48}.Debug|x86.Build.0 = Debug|x64
		{ADC27585-2C1B-424C-B4BA-10D2F151EC48}.Release|Any CPU.ActiveCfg = Release|x64
		{ADC27585-2C1B-424C-B4BA-10D2F151EC48}.Release|Any CPU.Build.0 = Release|x64
		{ADC27585-2C1B-424C-B4BA-10D2F151EC48}.Release|x64.ActiveCfg = Release|x64
		{ADC27585-2C1B-424C-B4BA-10D2F151EC48}.Release|x64.Build.0 = Release|x64
		{ADC27585-2C1B-424C-B4BA-10D2F151EC48}.Release|x86.ActiveCfg = Release|x64
		{ADC27585-2C1B-424C-B4BA-10D2F151EC48}.Release|x86.Build.0 = Release|x64
		{134F6679-FE86-4FFC-8578-290A88078ED3}.Debug|Any CPU.ActiveCfg = Debug|x64
		{134F6679-FE86-4FFC-8578-290A88078ED3}.Debug|Any CPU.Build.0 = Debug|x64
		{134F6679-FE86-4FFC-8578-290A88078ED3}.Debug|x64.ActiveCfg = Debug|x64
		{134F6679-FE86-4FFC-8578-290A88078ED3}.Debug|x64.Build.0 = Debug|x64
		{134F6679-FE86-4FFC-8578-290A88078ED3}.Debug|x86.ActiveCfg = Debug|x64
		{134F6679-FE86-4FFC-8578-290A88078ED3}.Debug|x86.Build.0 = Debug|x64
		{134F6679-FE86-4FFC-8578-290A88078ED3}.Release|Any CPU.ActiveCfg = Release|x64
		{134F6679-FE86-4FFC-8578-290A88078ED3}.Release|Any CPU.Build.0 = Release|x64
		{134F6679-FE86-4FFC-8578-290A88078ED3}.Release|x64.ActiveCfg = Release|x64
		{134F6679-FE86-4FFC-8578-290A88078ED3}.Release|x64.Build.0 = Release|x64
		{134F6679-FE86-4FFC-8578-290A88078ED3}.Release|x86.ActiveCfg = Release|x64
		{134F6679-FE86-4FFC-8578-290A88078ED3}.Release|x86.Build.0 = Release|x64
		{3CD43A75-802D-446C-88A6-3AEC8930645A}.Debug|Any CPU.ActiveCfg = Debug|Any CPU
		{3CD43A75-802D-446C-88A6-3AEC8930645A}.Debug|Any CPU.Build.0 = Debug|Any CPU
		{3CD43A75-802D-446C-88A6-3AEC8930645A}.Debug|x64.ActiveCfg = Debug|Any CPU
		{3CD43A75-802D-446C-88A6-3AEC8930645A}.Debug|x64.Build.0 = Debug|Any CPU
		{3CD43A75-802D-446C-88A6-3AEC8930645A}.Debug|x86.ActiveCfg = Debug|Any CPU
		{3CD43A75-802D-446C-88A6-3AEC8930645A}.Debug|x86.Build.0 = Debug|Any CPU
		{3CD43A75-802D-446C-88A6-3AEC8930645A}.Release|Any CPU.ActiveCfg = Release|Any CPU
		{3CD43A75-802D-446C-88A6-3AEC8930645A}.Release|Any CPU.Build.0 = Release|Any CPU
		{3CD43A75-802D-446C-88A6-3AEC8930645A}.Release|x64.ActiveCfg = Release|Any CPU
		{3CD43A75-802D-446C-88A6-3AEC8930645A}.Release|x64.Build.0 = Release|Any CPU
		{3CD43A75-802D-446C-88A6-3AEC8930645A}.Release|x86.ActiveCfg = Release|Any CPU
		{3CD43A75-802D-446C-88A6-3AEC8930645A}.Release|x86.Build.0 = Release|Any CPU
	EndGlobalSection
	GlobalSection(SolutionProperties) = preSolution
		HideSolutionNode = FALSE
	EndGlobalSection
	GlobalSection(NestedProjects) = preSolution
		{3AFB0178-C11F-47CF-A86E-C34979475ED3} = {827E0CD3-B72D-47B6-A68D-7590B98EB39B}
		{0A74E378-7EF9-45F3-BBE1-098603BA9E71} = {827E0CD3-B72D-47B6-A68D-7590B98EB39B}
		{87BF23BE-52FF-41C6-9EC3-CF7F3AA163AC} = {827E0CD3-B72D-47B6-A68D-7590B98EB39B}
		{1DFA9030-884B-4A11-B3B0-CF412FC9782A} = {827E0CD3-B72D-47B6-A68D-7590B98EB39B}
		{744206FB-7BA4-48AB-BBC8-F738E1AF01A4} = {827E0CD3-B72D-47B6-A68D-7590B98EB39B}
		{ADC27585-2C1B-424C-B4BA-10D2F151EC48} = {827E0CD3-B72D-47B6-A68D-7590B98EB39B}
		{134F6679-FE86-4FFC-8578-290A88078ED3} = {0AB3BF05-4346-4AA6-1389-037BE0695223}
		{3CD43A75-802D-446C-88A6-3AEC8930645A} = {827E0CD3-B72D-47B6-A68D-7590B98EB39B}
	EndGlobalSection
EndGlobal
